
Microsoft Visual Studio Solution File, Format Version 12.00
# Visual Studio Version 17
VisualStudioVersion = 17.6.33723.286
MinimumVisualStudioVersion = 10.0.40219.1
Project("{9A19103F-16F7-4668-BE54-9A1E7A4F7556}") = "SampleApi", "Services\SampleApi\SampleApi.csproj", "{F823BE47-D2EC-4791-B601-0F604179E051}"
EndProject
Project("{E53339B2-1760-4266-BCC7-CA923CBCF16C}") = "docker-compose", "docker-compose.dcproj", "{BB387C3E-F92B-4DE8-84DD-DF23E727D43F}"
EndProject
Project("{2150E333-8FDC-42A3-9474-1A3956D46DE8}") = "Itens de Solução", "Itens de Solução", "{C354C22D-2FEA-461F-8E42-E34173F7FDAF}"
EndProject
Project("{9A19103F-16F7-4668-BE54-9A1E7A4F7556}") = "SampleApi2", "Services\SampleApi2\SampleApi2.csproj", "{188E7663-2DD4-4A7A-870C-D52F757DCECD}"
EndProject
Project("{2150E333-8FDC-42A3-9474-1A3956D46DE8}") = "Infrastructure", "Infrastructure", "{890F4A3E-6BCE-4056-92F8-09B87E5D85FD}"
EndProject
Project("{9A19103F-16F7-4668-BE54-9A1E7A4F7556}") = "Common.Elasticsearch", "Infrastructure\Common.Elasticsearch\Common.Elasticsearch.csproj", "{A7CCDA1F-F0B2-46DD-B7F1-8003567A58C5}"
EndProject
Project("{2150E333-8FDC-42A3-9474-1A3956D46DE8}") = "Services", "Services", "{B88C1EE7-D382-467B-8433-3F6192A1D4DE}"
EndProject
Project("{2150E333-8FDC-42A3-9474-1A3956D46DE8}") = "Nginx", "Nginx", "{3439F8D7-C1AD-4609-AF56-A8FFCB9B2A96}"
	ProjectSection(SolutionItems) = preProject
		default.conf = default.conf
		nginx.conf = nginx.conf
	EndProjectSection
EndProject
Project("{2150E333-8FDC-42A3-9474-1A3956D46DE8}") = "NewFolder1", "NewFolder1", "{C8F14B71-5466-4E59-B40E-3DA41FB6D290}"
EndProject
Project("{9A19103F-16F7-4668-BE54-9A1E7A4F7556}") = "Common.MS.Auth", "Infrastructure\Common.MS.Auth\Common.MS.Auth.csproj", "{D045D05E-8B51-4830-8C9A-ABA37EE4AEC1}"
EndProject
Project("{2150E333-8FDC-42A3-9474-1A3956D46DE8}") = "Keycloak", "Keycloak", "{70A0F1DD-A876-400E-88D7-F9091DF7FB7D}"
	ProjectSection(SolutionItems) = preProject
		Keycloak\postman-realm-export.json = Keycloak\postman-realm-export.json
	EndProjectSection
EndProject
Project("{2150E333-8FDC-42A3-9474-1A3956D46DE8}") = "Kong", "Kong", "{63F79406-A1E1-4A11-B229-D4374159BC2E}"
	ProjectSection(SolutionItems) = preProject
		Kong\Makefile = Kong\Makefile
		Kong\POSTGRES_PASSWORD = Kong\POSTGRES_PASSWORD
	EndProjectSection
EndProject
Project("{2150E333-8FDC-42A3-9474-1A3956D46DE8}") = "Config", "Config", "{97DAD96B-C4B5-4E45-A3AB-DAF9D6ED2DC0}"
	ProjectSection(SolutionItems) = preProject
		Kong\Config\kong.yaml = Kong\Config\kong.yaml
	EndProjectSection
EndProject
Project("{2150E333-8FDC-42A3-9474-1A3956D46DE8}") = "build", "build", "{56212492-58AF-447B-AF1B-8E1C140B170D}"
	ProjectSection(SolutionItems) = preProject
		Kong\build\dockerfile = Kong\build\dockerfile
	EndProjectSection
EndProject
Global
	GlobalSection(SolutionConfigurationPlatforms) = preSolution
		Debug|Any CPU = Debug|Any CPU
		Release|Any CPU = Release|Any CPU
	EndGlobalSection
	GlobalSection(ProjectConfigurationPlatforms) = postSolution
		{F823BE47-D2EC-4791-B601-0F604179E051}.Debug|Any CPU.ActiveCfg = Debug|Any CPU
		{F823BE47-D2EC-4791-B601-0F604179E051}.Debug|Any CPU.Build.0 = Debug|Any CPU
		{F823BE47-D2EC-4791-B601-0F604179E051}.Release|Any CPU.ActiveCfg = Release|Any CPU
		{F823BE47-D2EC-4791-B601-0F604179E051}.Release|Any CPU.Build.0 = Release|Any CPU
		{BB387C3E-F92B-4DE8-84DD-DF23E727D43F}.Debug|Any CPU.ActiveCfg = Debug|Any CPU
		{BB387C3E-F92B-4DE8-84DD-DF23E727D43F}.Debug|Any CPU.Build.0 = Debug|Any CPU
		{BB387C3E-F92B-4DE8-84DD-DF23E727D43F}.Release|Any CPU.ActiveCfg = Release|Any CPU
		{BB387C3E-F92B-4DE8-84DD-DF23E727D43F}.Release|Any CPU.Build.0 = Release|Any CPU
		{188E7663-2DD4-4A7A-870C-D52F757DCECD}.Debug|Any CPU.ActiveCfg = Debug|Any CPU
		{188E7663-2DD4-4A7A-870C-D52F757DCECD}.Debug|Any CPU.Build.0 = Debug|Any CPU
		{188E7663-2DD4-4A7A-870C-D52F757DCECD}.Release|Any CPU.ActiveCfg = Release|Any CPU
		{188E7663-2DD4-4A7A-870C-D52F757DCECD}.Release|Any CPU.Build.0 = Release|Any CPU
		{A7CCDA1F-F0B2-46DD-B7F1-8003567A58C5}.Debug|Any CPU.ActiveCfg = Debug|Any CPU
		{A7CCDA1F-F0B2-46DD-B7F1-8003567A58C5}.Debug|Any CPU.Build.0 = Debug|Any CPU
		{A7CCDA1F-F0B2-46DD-B7F1-8003567A58C5}.Release|Any CPU.ActiveCfg = Release|Any CPU
		{A7CCDA1F-F0B2-46DD-B7F1-8003567A58C5}.Release|Any CPU.Build.0 = Release|Any CPU
		{D045D05E-8B51-4830-8C9A-ABA37EE4AEC1}.Debug|Any CPU.ActiveCfg = Debug|Any CPU
		{D045D05E-8B51-4830-8C9A-ABA37EE4AEC1}.Debug|Any CPU.Build.0 = Debug|Any CPU
		{D045D05E-8B51-4830-8C9A-ABA37EE4AEC1}.Release|Any CPU.ActiveCfg = Release|Any CPU
		{D045D05E-8B51-4830-8C9A-ABA37EE4AEC1}.Release|Any CPU.Build.0 = Release|Any CPU
	EndGlobalSection
	GlobalSection(SolutionProperties) = preSolution
		HideSolutionNode = FALSE
	EndGlobalSection
	GlobalSection(NestedProjects) = preSolution
		{F823BE47-D2EC-4791-B601-0F604179E051} = {B88C1EE7-D382-467B-8433-3F6192A1D4DE}
		{188E7663-2DD4-4A7A-870C-D52F757DCECD} = {B88C1EE7-D382-467B-8433-3F6192A1D4DE}
		{A7CCDA1F-F0B2-46DD-B7F1-8003567A58C5} = {890F4A3E-6BCE-4056-92F8-09B87E5D85FD}
		{3439F8D7-C1AD-4609-AF56-A8FFCB9B2A96} = {890F4A3E-6BCE-4056-92F8-09B87E5D85FD}
		{D045D05E-8B51-4830-8C9A-ABA37EE4AEC1} = {890F4A3E-6BCE-4056-92F8-09B87E5D85FD}
		{70A0F1DD-A876-400E-88D7-F9091DF7FB7D} = {890F4A3E-6BCE-4056-92F8-09B87E5D85FD}
		{63F79406-A1E1-4A11-B229-D4374159BC2E} = {890F4A3E-6BCE-4056-92F8-09B87E5D85FD}
		{97DAD96B-C4B5-4E45-A3AB-DAF9D6ED2DC0} = {63F79406-A1E1-4A11-B229-D4374159BC2E}
		{56212492-58AF-447B-AF1B-8E1C140B170D} = {63F79406-A1E1-4A11-B229-D4374159BC2E}
	EndGlobalSection
	GlobalSection(ExtensibilityGlobals) = postSolution
		SolutionGuid = {A1E4CC0F-3D5A-4E32-9716-7A9465B506EE}
	EndGlobalSection
EndGlobal
